{
    "_readme": [
        "This file locks the dependencies of your project to a known state",
        "Read more about it at http://getcomposer.org/doc/01-basic-usage.md#composer-lock-the-lock-file"
    ],
    "hash": "eb932bbdb34b909c1e349b5774a22e90",
    "packages": [
        {
            "name": "corneltek/pux",
            "version": "1.4.0",
            "source": {
                "type": "git",
                "url": "https://github.com/c9s/Pux.git",
                "reference": "09e6507db1c69f282a73a9d8a171bcff590f643c"
            },
            "dist": {
                "type": "zip",
                "url": "https://api.github.com/repos/c9s/Pux/zipball/09e6507db1c69f282a73a9d8a171bcff590f643c",
                "reference": "09e6507db1c69f282a73a9d8a171bcff590f643c",
                "shasum": ""
            },
            "require-dev": {
                "corneltek/cliframework": "dev-master",
                "corneltek/phpunit-testmore": "dev-master",
                "corneltek/universal": "dev-master"
            },
            "type": "library",
            "autoload": {
                "psr-0": {
                    "Pux": "src"
                }
            },
            "notification-url": "https://packagist.org/downloads/",
            "authors": [
                {
                    "name": "c9s",
                    "email": "cornelius.howl@gmail.com",
                    "homepage": "http://c9s.me"
                }
            ],
            "description": "Fast PHP router",
            "time": "2014-01-23 17:34:00"
        }
    ],
    "packages-dev": [

    ],
    "aliases": [

    ],
    "minimum-stability": "stable",
    "stability-flags": [

    ],
    "platform": [

    ],
    "platform-dev": [

    ]
}
